
Microsoft Visual Studio Solution File, Format Version 12.00
# Visual Studio 15
VisualStudioVersion = 15.0.28307.902
MinimumVisualStudioVersion = 10.0.40219.1
Project("{FAE04EC0-301F-11D3-BF4B-00C04F79EFBC}") = "Bubble Sorting", "Bubble Sorting\Bubble Sorting.csproj", "{C361DF46-86B6-42CC-8FC5-2298F39CC596}"
EndProject
Global
	GlobalSection(SolutionConfigurationPlatforms) = preSolution
		Debug|Any CPU = Debug|Any CPU
		Release|Any CPU = Release|Any CPU
	EndGlobalSection
	GlobalSection(ProjectConfigurationPlatforms) = postSolution
		{C361DF46-86B6-42CC-8FC5-2298F39CC596}.Debug|Any CPU.ActiveCfg = Debug|Any CPU
		{C361DF46-86B6-42CC-8FC5-2298F39CC596}.Debug|Any CPU.Build.0 = Debug|Any CPU
		{C361DF46-86B6-42CC-8FC5-2298F39CC596}.Release|Any CPU.ActiveCfg = Release|Any CPU
		{C361DF46-86B6-42CC-8FC5-2298F39CC596}.Release|Any CPU.Build.0 = Release|Any CPU
	EndGlobalSection
	GlobalSection(SolutionProperties) = preSolution
		HideSolutionNode = FALSE
	EndGlobalSection
	GlobalSection(ExtensibilityGlobals) = postSolution
		SolutionGuid = {1D1B42AE-18F2-477B-A52A-5FE6D2954BBE}
	EndGlobalSection
EndGlobal
